// !$*UTF8*$!
{
	archiveVersion = 1;
	classes = {
	};
	objectVersion = 56;
	objects = {

/* Begin PBXBuildFile section */
		D613AF47299FEB6600BDBF9E /* EmptyViewController.swift in Sources */ = {isa = PBXBuildFile; fileRef = D613AF46299FEB6600BDBF9E /* EmptyViewController.swift */; };
		D649634A29A0B8E8005DEAAF /* store_coreDataTests.swift in Sources */ = {isa = PBXBuildFile; fileRef = D649634929A0B8E8005DEAAF /* store_coreDataTests.swift */; };
		D649634C29A0BAA1005DEAAF /* CoreDataHelper.swift in Sources */ = {isa = PBXBuildFile; fileRef = D6B9DEA2299F515500F2F4E9 /* CoreDataHelper.swift */; };
		D649634D29A0BD02005DEAAF /* StoreData.swift in Sources */ = {isa = PBXBuildFile; fileRef = D666470B299BA19D004B1A76 /* StoreData.swift */; };
		D649634E29A0BD22005DEAAF /* ItemModel.swift in Sources */ = {isa = PBXBuildFile; fileRef = D66646FC299B5DB7004B1A76 /* ItemModel.swift */; };
		D649634F29A0BDBE005DEAAF /* Constants.swift in Sources */ = {isa = PBXBuildFile; fileRef = D6B9DEA4299F556900F2F4E9 /* Constants.swift */; };
		D649635029A0BDD1005DEAAF /* AppDelegate.swift in Sources */ = {isa = PBXBuildFile; fileRef = D6664689299A5DD0004B1A76 /* AppDelegate.swift */; };
		D649635529A14890005DEAAF /* StoreCodeDataModel.xcdatamodeld in Sources */ = {isa = PBXBuildFile; fileRef = D6B9DE12299EBA2300F2F4E9 /* StoreCodeDataModel.xcdatamodeld */; };
		D649635E29A20D31005DEAAF /* CoreDataStack.swift in Sources */ = {isa = PBXBuildFile; fileRef = D649635D29A20D31005DEAAF /* CoreDataStack.swift */; };
		D649636229A21999005DEAAF /* StoreDataItem+CoreDataClass.swift in Sources */ = {isa = PBXBuildFile; fileRef = D649636029A21999005DEAAF /* StoreDataItem+CoreDataClass.swift */; };
		D649636329A21999005DEAAF /* StoreDataItem+CoreDataClass.swift in Sources */ = {isa = PBXBuildFile; fileRef = D649636029A21999005DEAAF /* StoreDataItem+CoreDataClass.swift */; };
		D649636429A21999005DEAAF /* StoreDataItem+CoreDataProperties.swift in Sources */ = {isa = PBXBuildFile; fileRef = D649636129A21999005DEAAF /* StoreDataItem+CoreDataProperties.swift */; };
		D649636529A21999005DEAAF /* StoreDataItem+CoreDataProperties.swift in Sources */ = {isa = PBXBuildFile; fileRef = D649636129A21999005DEAAF /* StoreDataItem+CoreDataProperties.swift */; };
		D649636829A26437005DEAAF /* CoreDataTestStack.swift in Sources */ = {isa = PBXBuildFile; fileRef = D649636629A26437005DEAAF /* CoreDataTestStack.swift */; };
		D649636929A266A3005DEAAF /* CoreDataStack.swift in Sources */ = {isa = PBXBuildFile; fileRef = D649635D29A20D31005DEAAF /* CoreDataStack.swift */; };
		D65ACBA029B357AB002B907C /* MenuViewController.swift in Sources */ = {isa = PBXBuildFile; fileRef = D65ACB9F29B357AB002B907C /* MenuViewController.swift */; };
		D65ACBC329B4D981002B907C /* ProductListingTableViewController.swift in Sources */ = {isa = PBXBuildFile; fileRef = D6664724299D1184004B1A76 /* ProductListingTableViewController.swift */; };
		D666468A299A5DD0004B1A76 /* AppDelegate.swift in Sources */ = {isa = PBXBuildFile; fileRef = D6664689299A5DD0004B1A76 /* AppDelegate.swift */; };
		D666468C299A5DD0004B1A76 /* SceneDelegate.swift in Sources */ = {isa = PBXBuildFile; fileRef = D666468B299A5DD0004B1A76 /* SceneDelegate.swift */; };
		D6664693299A5DD1004B1A76 /* Assets.xcassets in Resources */ = {isa = PBXBuildFile; fileRef = D6664692299A5DD1004B1A76 /* Assets.xcassets */; };
		D6664696299A5DD1004B1A76 /* LaunchScreen.storyboard in Resources */ = {isa = PBXBuildFile; fileRef = D6664694299A5DD1004B1A76 /* LaunchScreen.storyboard */; };
		D66646A1299A5DD2004B1A76 /* store_appTests.swift in Sources */ = {isa = PBXBuildFile; fileRef = D66646A0299A5DD2004B1A76 /* store_appTests.swift */; };
		D66646AB299A5DD2004B1A76 /* store_appUITests.swift in Sources */ = {isa = PBXBuildFile; fileRef = D66646AA299A5DD2004B1A76 /* store_appUITests.swift */; };
		D66646AD299A5DD2004B1A76 /* store_appUITestsLaunchTests.swift in Sources */ = {isa = PBXBuildFile; fileRef = D66646AC299A5DD2004B1A76 /* store_appUITestsLaunchTests.swift */; };
		D66646FD299B5DB7004B1A76 /* ItemModel.swift in Sources */ = {isa = PBXBuildFile; fileRef = D66646FC299B5DB7004B1A76 /* ItemModel.swift */; };
		D66646FF299B5EAB004B1A76 /* StoreModel.swift in Sources */ = {isa = PBXBuildFile; fileRef = D66646FE299B5EAB004B1A76 /* StoreModel.swift */; };
		D6664702299B88E4004B1A76 /* Urls.swift in Sources */ = {isa = PBXBuildFile; fileRef = D6664701299B88E4004B1A76 /* Urls.swift */; };
		D6664706299B8973004B1A76 /* ApiService.swift in Sources */ = {isa = PBXBuildFile; fileRef = D6664705299B8973004B1A76 /* ApiService.swift */; };
		D666470C299BA19D004B1A76 /* StoreData.swift in Sources */ = {isa = PBXBuildFile; fileRef = D666470B299BA19D004B1A76 /* StoreData.swift */; };
		D666470E299BA473004B1A76 /* NetowrkClient.swift in Sources */ = {isa = PBXBuildFile; fileRef = D666470D299BA473004B1A76 /* NetowrkClient.swift */; };
		D6664712299BB125004B1A76 /* DataWrapper.swift in Sources */ = {isa = PBXBuildFile; fileRef = D6664711299BB125004B1A76 /* DataWrapper.swift */; };
		D6664715299BB2CE004B1A76 /* StoreViewModel.swift in Sources */ = {isa = PBXBuildFile; fileRef = D6664714299BB2CE004B1A76 /* StoreViewModel.swift */; };
		D6664719299CF2EC004B1A76 /* TabImage.swift in Sources */ = {isa = PBXBuildFile; fileRef = D6664718299CF2EC004B1A76 /* TabImage.swift */; };
		D6664723299D116D004B1A76 /* ProductListingCollectionViewController.swift in Sources */ = {isa = PBXBuildFile; fileRef = D6664722299D116D004B1A76 /* ProductListingCollectionViewController.swift */; };
		D6664725299D1184004B1A76 /* ProductListingTableViewController.swift in Sources */ = {isa = PBXBuildFile; fileRef = D6664724299D1184004B1A76 /* ProductListingTableViewController.swift */; };
		D666472B299D17E4004B1A76 /* LoaderView.swift in Sources */ = {isa = PBXBuildFile; fileRef = D666472A299D17E4004B1A76 /* LoaderView.swift */; };
		D666472D299D1CE2004B1A76 /* ErrorViewController.swift in Sources */ = {isa = PBXBuildFile; fileRef = D666472C299D1CE2004B1A76 /* ErrorViewController.swift */; };
		D666472F299D3487004B1A76 /* ProductListingTableItem.swift in Sources */ = {isa = PBXBuildFile; fileRef = D666472E299D3487004B1A76 /* ProductListingTableItem.swift */; };
		D6664734299DF622004B1A76 /* ProductListingCollectionItem.swift in Sources */ = {isa = PBXBuildFile; fileRef = D6664733299DF622004B1A76 /* ProductListingCollectionItem.swift */; };
		D6664736299E058E004B1A76 /* AppUtils.swift in Sources */ = {isa = PBXBuildFile; fileRef = D6664735299E058E004B1A76 /* AppUtils.swift */; };
		D67D30E129A73BF800D6E318 /* PageViewController.swift in Sources */ = {isa = PBXBuildFile; fileRef = D67D30E029A73BF800D6E318 /* PageViewController.swift */; };
		D67D30E529A73C2E00D6E318 /* TabbarController.swift in Sources */ = {isa = PBXBuildFile; fileRef = D67D30E429A73C2E00D6E318 /* TabbarController.swift */; };
		D68303D329AC7AD500FF1B0B /* NetworkDelegate.swift in Sources */ = {isa = PBXBuildFile; fileRef = D68303D229AC7AD500FF1B0B /* NetworkDelegate.swift */; };
		D6B9DE06299E495900F2F4E9 /* HeaderViewController.swift in Sources */ = {isa = PBXBuildFile; fileRef = D6B9DE05299E495900F2F4E9 /* HeaderViewController.swift */; };
		D6B9DE09299E96EA00F2F4E9 /* Strings.swift in Sources */ = {isa = PBXBuildFile; fileRef = D6B9DE08299E96EA00F2F4E9 /* Strings.swift */; };
		D6B9DE14299EBA2300F2F4E9 /* StoreCodeDataModel.xcdatamodeld in Sources */ = {isa = PBXBuildFile; fileRef = D6B9DE12299EBA2300F2F4E9 /* StoreCodeDataModel.xcdatamodeld */; };
		D6B9DEA3299F515500F2F4E9 /* CoreDataHelper.swift in Sources */ = {isa = PBXBuildFile; fileRef = D6B9DEA2299F515500F2F4E9 /* CoreDataHelper.swift */; };
		D6B9DEA5299F556900F2F4E9 /* Constants.swift in Sources */ = {isa = PBXBuildFile; fileRef = D6B9DEA4299F556900F2F4E9 /* Constants.swift */; };
		D6B9DEA8299F797600F2F4E9 /* StoreRepository.swift in Sources */ = {isa = PBXBuildFile; fileRef = D6B9DEA7299F797600F2F4E9 /* StoreRepository.swift */; };
		D6D2027329B0C5B30047CA82 /* MyPopoverViewController.swift in Sources */ = {isa = PBXBuildFile; fileRef = D6D2027229B0C5B30047CA82 /* MyPopoverViewController.swift */; };
		D6D2027529B0D70D0047CA82 /* ItemDetailsViewController.swift in Sources */ = {isa = PBXBuildFile; fileRef = D6D2027429B0D70D0047CA82 /* ItemDetailsViewController.swift */; };
/* End PBXBuildFile section */

/* Begin PBXContainerItemProxy section */
		D666469D299A5DD2004B1A76 /* PBXContainerItemProxy */ = {
			isa = PBXContainerItemProxy;
			containerPortal = D666467E299A5DD0004B1A76 /* Project object */;
			proxyType = 1;
			remoteGlobalIDString = D6664685299A5DD0004B1A76;
			remoteInfo = "store-app";
		};
		D66646A7299A5DD2004B1A76 /* PBXContainerItemProxy */ = {
			isa = PBXContainerItemProxy;
			containerPortal = D666467E299A5DD0004B1A76 /* Project object */;
			proxyType = 1;
			remoteGlobalIDString = D6664685299A5DD0004B1A76;
			remoteInfo = "store-app";
		};
/* End PBXContainerItemProxy section */

/* Begin PBXFileReference section */
		D613AF46299FEB6600BDBF9E /* EmptyViewController.swift */ = {isa = PBXFileReference; lastKnownFileType = sourcecode.swift; path = EmptyViewController.swift; sourceTree = "<group>"; };
		D649634929A0B8E8005DEAAF /* store_coreDataTests.swift */ = {isa = PBXFileReference; lastKnownFileType = sourcecode.swift; path = store_coreDataTests.swift; sourceTree = "<group>"; };
		D649635D29A20D31005DEAAF /* CoreDataStack.swift */ = {isa = PBXFileReference; lastKnownFileType = sourcecode.swift; path = CoreDataStack.swift; sourceTree = "<group>"; };
		D649636029A21999005DEAAF /* StoreDataItem+CoreDataClass.swift */ = {isa = PBXFileReference; lastKnownFileType = sourcecode.swift; path = "StoreDataItem+CoreDataClass.swift"; sourceTree = "<group>"; };
		D649636129A21999005DEAAF /* StoreDataItem+CoreDataProperties.swift */ = {isa = PBXFileReference; lastKnownFileType = sourcecode.swift; path = "StoreDataItem+CoreDataProperties.swift"; sourceTree = "<group>"; };
		D649636629A26437005DEAAF /* CoreDataTestStack.swift */ = {isa = PBXFileReference; lastKnownFileType = sourcecode.swift; path = CoreDataTestStack.swift; sourceTree = "<group>"; };
		D65ACB9F29B357AB002B907C /* MenuViewController.swift */ = {isa = PBXFileReference; lastKnownFileType = sourcecode.swift; path = MenuViewController.swift; sourceTree = "<group>"; };
		D6664686299A5DD0004B1A76 /* store-app.app */ = {isa = PBXFileReference; explicitFileType = wrapper.application; includeInIndex = 0; path = "store-app.app"; sourceTree = BUILT_PRODUCTS_DIR; };
		D6664689299A5DD0004B1A76 /* AppDelegate.swift */ = {isa = PBXFileReference; lastKnownFileType = sourcecode.swift; path = AppDelegate.swift; sourceTree = "<group>"; };
		D666468B299A5DD0004B1A76 /* SceneDelegate.swift */ = {isa = PBXFileReference; lastKnownFileType = sourcecode.swift; path = SceneDelegate.swift; sourceTree = "<group>"; };
		D6664692299A5DD1004B1A76 /* Assets.xcassets */ = {isa = PBXFileReference; lastKnownFileType = folder.assetcatalog; path = Assets.xcassets; sourceTree = "<group>"; };
		D6664695299A5DD1004B1A76 /* Base */ = {isa = PBXFileReference; lastKnownFileType = file.storyboard; name = Base; path = Base.lproj/LaunchScreen.storyboard; sourceTree = "<group>"; };
		D6664697299A5DD1004B1A76 /* Info.plist */ = {isa = PBXFileReference; lastKnownFileType = text.plist.xml; path = Info.plist; sourceTree = "<group>"; };
		D666469C299A5DD2004B1A76 /* store-appTests.xctest */ = {isa = PBXFileReference; explicitFileType = wrapper.cfbundle; includeInIndex = 0; path = "store-appTests.xctest"; sourceTree = BUILT_PRODUCTS_DIR; };
		D66646A0299A5DD2004B1A76 /* store_appTests.swift */ = {isa = PBXFileReference; lastKnownFileType = sourcecode.swift; path = store_appTests.swift; sourceTree = "<group>"; };
		D66646A6299A5DD2004B1A76 /* store-appUITests.xctest */ = {isa = PBXFileReference; explicitFileType = wrapper.cfbundle; includeInIndex = 0; path = "store-appUITests.xctest"; sourceTree = BUILT_PRODUCTS_DIR; };
		D66646AA299A5DD2004B1A76 /* store_appUITests.swift */ = {isa = PBXFileReference; lastKnownFileType = sourcecode.swift; path = store_appUITests.swift; sourceTree = "<group>"; };
		D66646AC299A5DD2004B1A76 /* store_appUITestsLaunchTests.swift */ = {isa = PBXFileReference; lastKnownFileType = sourcecode.swift; path = store_appUITestsLaunchTests.swift; sourceTree = "<group>"; };
		D66646FC299B5DB7004B1A76 /* ItemModel.swift */ = {isa = PBXFileReference; lastKnownFileType = sourcecode.swift; path = ItemModel.swift; sourceTree = "<group>"; };
		D66646FE299B5EAB004B1A76 /* StoreModel.swift */ = {isa = PBXFileReference; lastKnownFileType = sourcecode.swift; path = StoreModel.swift; sourceTree = "<group>"; };
		D6664701299B88E4004B1A76 /* Urls.swift */ = {isa = PBXFileReference; lastKnownFileType = sourcecode.swift; path = Urls.swift; sourceTree = "<group>"; };
		D6664705299B8973004B1A76 /* ApiService.swift */ = {isa = PBXFileReference; lastKnownFileType = sourcecode.swift; path = ApiService.swift; sourceTree = "<group>"; };
		D666470B299BA19D004B1A76 /* StoreData.swift */ = {isa = PBXFileReference; lastKnownFileType = sourcecode.swift; path = StoreData.swift; sourceTree = "<group>"; };
		D666470D299BA473004B1A76 /* NetowrkClient.swift */ = {isa = PBXFileReference; lastKnownFileType = sourcecode.swift; path = NetowrkClient.swift; sourceTree = "<group>"; };
		D6664711299BB125004B1A76 /* DataWrapper.swift */ = {isa = PBXFileReference; lastKnownFileType = sourcecode.swift; path = DataWrapper.swift; sourceTree = "<group>"; };
		D6664714299BB2CE004B1A76 /* StoreViewModel.swift */ = {isa = PBXFileReference; lastKnownFileType = sourcecode.swift; path = StoreViewModel.swift; sourceTree = "<group>"; };
		D6664718299CF2EC004B1A76 /* TabImage.swift */ = {isa = PBXFileReference; lastKnownFileType = sourcecode.swift; path = TabImage.swift; sourceTree = "<group>"; };
		D6664722299D116D004B1A76 /* ProductListingCollectionViewController.swift */ = {isa = PBXFileReference; lastKnownFileType = sourcecode.swift; path = ProductListingCollectionViewController.swift; sourceTree = "<group>"; };
		D6664724299D1184004B1A76 /* ProductListingTableViewController.swift */ = {isa = PBXFileReference; lastKnownFileType = sourcecode.swift; path = ProductListingTableViewController.swift; sourceTree = "<group>"; };
		D666472A299D17E4004B1A76 /* LoaderView.swift */ = {isa = PBXFileReference; lastKnownFileType = sourcecode.swift; path = LoaderView.swift; sourceTree = "<group>"; };
		D666472C299D1CE2004B1A76 /* ErrorViewController.swift */ = {isa = PBXFileReference; lastKnownFileType = sourcecode.swift; path = ErrorViewController.swift; sourceTree = "<group>"; };
		D666472E299D3487004B1A76 /* ProductListingTableItem.swift */ = {isa = PBXFileReference; lastKnownFileType = sourcecode.swift; path = ProductListingTableItem.swift; sourceTree = "<group>"; };
		D6664733299DF622004B1A76 /* ProductListingCollectionItem.swift */ = {isa = PBXFileReference; lastKnownFileType = sourcecode.swift; path = ProductListingCollectionItem.swift; sourceTree = "<group>"; };
		D6664735299E058E004B1A76 /* AppUtils.swift */ = {isa = PBXFileReference; lastKnownFileType = sourcecode.swift; path = AppUtils.swift; sourceTree = "<group>"; };
		D67D30E029A73BF800D6E318 /* PageViewController.swift */ = {isa = PBXFileReference; lastKnownFileType = sourcecode.swift; path = PageViewController.swift; sourceTree = "<group>"; };
		D67D30E429A73C2E00D6E318 /* TabbarController.swift */ = {isa = PBXFileReference; lastKnownFileType = sourcecode.swift; path = TabbarController.swift; sourceTree = "<group>"; };
		D68303D229AC7AD500FF1B0B /* NetworkDelegate.swift */ = {isa = PBXFileReference; lastKnownFileType = sourcecode.swift; path = NetworkDelegate.swift; sourceTree = "<group>"; };
		D6B9DE05299E495900F2F4E9 /* HeaderViewController.swift */ = {isa = PBXFileReference; lastKnownFileType = sourcecode.swift; path = HeaderViewController.swift; sourceTree = "<group>"; };
		D6B9DE08299E96EA00F2F4E9 /* Strings.swift */ = {isa = PBXFileReference; lastKnownFileType = sourcecode.swift; path = Strings.swift; sourceTree = "<group>"; };
		D6B9DE13299EBA2300F2F4E9 /* StoreCodeDataModel.xcdatamodel */ = {isa = PBXFileReference; lastKnownFileType = wrapper.xcdatamodel; path = StoreCodeDataModel.xcdatamodel; sourceTree = "<group>"; };
		D6B9DEA2299F515500F2F4E9 /* CoreDataHelper.swift */ = {isa = PBXFileReference; lastKnownFileType = sourcecode.swift; path = CoreDataHelper.swift; sourceTree = "<group>"; };
		D6B9DEA4299F556900F2F4E9 /* Constants.swift */ = {isa = PBXFileReference; lastKnownFileType = sourcecode.swift; path = Constants.swift; sourceTree = "<group>"; };
		D6B9DEA7299F797600F2F4E9 /* StoreRepository.swift */ = {isa = PBXFileReference; lastKnownFileType = sourcecode.swift; path = StoreRepository.swift; sourceTree = "<group>"; };
		D6D2027229B0C5B30047CA82 /* MyPopoverViewController.swift */ = {isa = PBXFileReference; lastKnownFileType = sourcecode.swift; path = MyPopoverViewController.swift; sourceTree = "<group>"; };
		D6D2027429B0D70D0047CA82 /* ItemDetailsViewController.swift */ = {isa = PBXFileReference; lastKnownFileType = sourcecode.swift; path = ItemDetailsViewController.swift; sourceTree = "<group>"; };
/* End PBXFileReference section */

/* Begin PBXFrameworksBuildPhase section */
		D6664683299A5DD0004B1A76 /* Frameworks */ = {
			isa = PBXFrameworksBuildPhase;
			buildActionMask = 2147483647;
			files = (
			);
			runOnlyForDeploymentPostprocessing = 0;
		};
		D6664699299A5DD2004B1A76 /* Frameworks */ = {
			isa = PBXFrameworksBuildPhase;
			buildActionMask = 2147483647;
			files = (
			);
			runOnlyForDeploymentPostprocessing = 0;
		};
		D66646A3299A5DD2004B1A76 /* Frameworks */ = {
			isa = PBXFrameworksBuildPhase;
			buildActionMask = 2147483647;
			files = (
			);
			runOnlyForDeploymentPostprocessing = 0;
		};
/* End PBXFrameworksBuildPhase section */

/* Begin PBXGroup section */
		D63B5F93299F8FD400FB7543 /* AppUtils */ = {
			isa = PBXGroup;
			children = (
				D6664735299E058E004B1A76 /* AppUtils.swift */,
			);
			path = AppUtils;
			sourceTree = "<group>";
		};
		D65ACBAA29B397CA002B907C /* Menu */ = {
			isa = PBXGroup;
			children = (
				D65ACB9F29B357AB002B907C /* MenuViewController.swift */,
			);
			path = Menu;
			sourceTree = "<group>";
		};
		D65ACBB629B475F8002B907C /* SubViews */ = {
			isa = PBXGroup;
			children = (
				D6D2027229B0C5B30047CA82 /* MyPopoverViewController.swift */,
			);
			path = SubViews;
			sourceTree = "<group>";
		};
		D666467D299A5DD0004B1A76 = {
			isa = PBXGroup;
			children = (
				D6664688299A5DD0004B1A76 /* store-app */,
				D666469F299A5DD2004B1A76 /* store-appTests */,
				D66646A9299A5DD2004B1A76 /* store-appUITests */,
				D6664687299A5DD0004B1A76 /* Products */,
			);
			sourceTree = "<group>";
		};
		D6664687299A5DD0004B1A76 /* Products */ = {
			isa = PBXGroup;
			children = (
				D6664686299A5DD0004B1A76 /* store-app.app */,
				D666469C299A5DD2004B1A76 /* store-appTests.xctest */,
				D66646A6299A5DD2004B1A76 /* store-appUITests.xctest */,
			);
			name = Products;
			sourceTree = "<group>";
		};
		D6664688299A5DD0004B1A76 /* store-app */ = {
			isa = PBXGroup;
			children = (
				D6D2022F29AF4A870047CA82 /* ProductDetails */,
				D63B5F93299F8FD400FB7543 /* AppUtils */,
				D6664728299D17C4004B1A76 /* Delegates */,
				D666471F299D10FF004B1A76 /* ProductListingCollectionView */,
				D666471E299D10E9004B1A76 /* ProductListingTableView */,
				D666471C299D107C004B1A76 /* Common */,
				D6664716299CDBE2004B1A76 /* Dashboard */,
				D6664692299A5DD1004B1A76 /* Assets.xcassets */,
				D6664694299A5DD1004B1A76 /* LaunchScreen.storyboard */,
				D6664697299A5DD1004B1A76 /* Info.plist */,
				D6B9DE12299EBA2300F2F4E9 /* StoreCodeDataModel.xcdatamodeld */,
			);
			path = "store-app";
			sourceTree = "<group>";
		};
		D666469F299A5DD2004B1A76 /* store-appTests */ = {
			isa = PBXGroup;
			children = (
				D66646A0299A5DD2004B1A76 /* store_appTests.swift */,
				D649634929A0B8E8005DEAAF /* store_coreDataTests.swift */,
				D649636629A26437005DEAAF /* CoreDataTestStack.swift */,
			);
			path = "store-appTests";
			sourceTree = "<group>";
		};
		D66646A9299A5DD2004B1A76 /* store-appUITests */ = {
			isa = PBXGroup;
			children = (
				D66646AA299A5DD2004B1A76 /* store_appUITests.swift */,
				D66646AC299A5DD2004B1A76 /* store_appUITestsLaunchTests.swift */,
			);
			path = "store-appUITests";
			sourceTree = "<group>";
		};
		D66646B9299A61E8004B1A76 /* Models */ = {
			isa = PBXGroup;
			children = (
				D66646FC299B5DB7004B1A76 /* ItemModel.swift */,
				D66646FE299B5EAB004B1A76 /* StoreModel.swift */,
				D666470B299BA19D004B1A76 /* StoreData.swift */,
				D6664711299BB125004B1A76 /* DataWrapper.swift */,
				D6664718299CF2EC004B1A76 /* TabImage.swift */,
			);
			path = Models;
			sourceTree = "<group>";
		};
		D6664700299B88D5004B1A76 /* Network */ = {
			isa = PBXGroup;
			children = (
				D6664701299B88E4004B1A76 /* Urls.swift */,
				D6664705299B8973004B1A76 /* ApiService.swift */,
				D666470D299BA473004B1A76 /* NetowrkClient.swift */,
			);
			path = Network;
			sourceTree = "<group>";
		};
		D6664713299BB2AC004B1A76 /* ViewModel */ = {
			isa = PBXGroup;
			children = (
				D6664714299BB2CE004B1A76 /* StoreViewModel.swift */,
			);
			path = ViewModel;
			sourceTree = "<group>";
		};
		D6664716299CDBE2004B1A76 /* Dashboard */ = {
			isa = PBXGroup;
			children = (
				D65ACBB629B475F8002B907C /* SubViews */,
				D65ACBAA29B397CA002B907C /* Menu */,
				D67D30DF29A73BDD00D6E318 /* PageView */,
				D666471D299D10B3004B1A76 /* View */,
			);
			path = Dashboard;
			sourceTree = "<group>";
		};
		D666471C299D107C004B1A76 /* Common */ = {
			isa = PBXGroup;
			children = (
				D6B9DE61299F4A0F00F2F4E9 /* CoreData */,
				D6664700299B88D5004B1A76 /* Network */,
				D6B9DEA6299F795800F2F4E9 /* Repository */,
				D6B9DE07299E96DB00F2F4E9 /* Constants */,
				D6664729299D17D9004B1A76 /* View */,
				D6664713299BB2AC004B1A76 /* ViewModel */,
				D66646B9299A61E8004B1A76 /* Models */,
			);
			path = Common;
			sourceTree = "<group>";
		};
		D666471D299D10B3004B1A76 /* View */ = {
			isa = PBXGroup;
			children = (
				D67D30E429A73C2E00D6E318 /* TabbarController.swift */,
				D6B9DE05299E495900F2F4E9 /* HeaderViewController.swift */,
			);
			path = View;
			sourceTree = "<group>";
		};
		D666471E299D10E9004B1A76 /* ProductListingTableView */ = {
			isa = PBXGroup;
			children = (
				D6664721299D1114004B1A76 /* View */,
			);
			path = ProductListingTableView;
			sourceTree = "<group>";
		};
		D666471F299D10FF004B1A76 /* ProductListingCollectionView */ = {
			isa = PBXGroup;
			children = (
				D6664720299D1110004B1A76 /* View */,
			);
			path = ProductListingCollectionView;
			sourceTree = "<group>";
		};
		D6664720299D1110004B1A76 /* View */ = {
			isa = PBXGroup;
			children = (
				D6664722299D116D004B1A76 /* ProductListingCollectionViewController.swift */,
				D6664733299DF622004B1A76 /* ProductListingCollectionItem.swift */,
			);
			path = View;
			sourceTree = "<group>";
		};
		D6664721299D1114004B1A76 /* View */ = {
			isa = PBXGroup;
			children = (
				D666472E299D3487004B1A76 /* ProductListingTableItem.swift */,
				D6664724299D1184004B1A76 /* ProductListingTableViewController.swift */,
			);
			path = View;
			sourceTree = "<group>";
		};
		D6664728299D17C4004B1A76 /* Delegates */ = {
			isa = PBXGroup;
			children = (
				D666468B299A5DD0004B1A76 /* SceneDelegate.swift */,
				D6664689299A5DD0004B1A76 /* AppDelegate.swift */,
				D68303D229AC7AD500FF1B0B /* NetworkDelegate.swift */,
			);
			path = Delegates;
			sourceTree = "<group>";
		};
		D6664729299D17D9004B1A76 /* View */ = {
			isa = PBXGroup;
			children = (
				D666472A299D17E4004B1A76 /* LoaderView.swift */,
				D666472C299D1CE2004B1A76 /* ErrorViewController.swift */,
				D613AF46299FEB6600BDBF9E /* EmptyViewController.swift */,
			);
			path = View;
			sourceTree = "<group>";
		};
		D67D30DF29A73BDD00D6E318 /* PageView */ = {
			isa = PBXGroup;
			children = (
				D67D30E029A73BF800D6E318 /* PageViewController.swift */,
			);
			path = PageView;
			sourceTree = "<group>";
		};
		D6B9DE07299E96DB00F2F4E9 /* Constants */ = {
			isa = PBXGroup;
			children = (
				D6B9DE08299E96EA00F2F4E9 /* Strings.swift */,
			);
			path = Constants;
			sourceTree = "<group>";
		};
		D6B9DE61299F4A0F00F2F4E9 /* CoreData */ = {
			isa = PBXGroup;
			children = (
				D649636029A21999005DEAAF /* StoreDataItem+CoreDataClass.swift */,
				D649636129A21999005DEAAF /* StoreDataItem+CoreDataProperties.swift */,
				D6B9DEA2299F515500F2F4E9 /* CoreDataHelper.swift */,
				D6B9DEA4299F556900F2F4E9 /* Constants.swift */,
				D649635D29A20D31005DEAAF /* CoreDataStack.swift */,
			);
			path = CoreData;
			sourceTree = "<group>";
		};
		D6B9DEA6299F795800F2F4E9 /* Repository */ = {
			isa = PBXGroup;
			children = (
				D6B9DEA7299F797600F2F4E9 /* StoreRepository.swift */,
			);
			path = Repository;
			sourceTree = "<group>";
		};
		D6D2022F29AF4A870047CA82 /* ProductDetails */ = {
			isa = PBXGroup;
			children = (
				D6D2023029AF4AB40047CA82 /* view */,
			);
			path = ProductDetails;
			sourceTree = "<group>";
		};
		D6D2023029AF4AB40047CA82 /* view */ = {
			isa = PBXGroup;
			children = (
				D6D2027429B0D70D0047CA82 /* ItemDetailsViewController.swift */,
			);
			path = view;
			sourceTree = "<group>";
		};
/* End PBXGroup section */

/* Begin PBXNativeTarget section */
		D6664685299A5DD0004B1A76 /* store-app */ = {
			isa = PBXNativeTarget;
			buildConfigurationList = D66646B0299A5DD2004B1A76 /* Build configuration list for PBXNativeTarget "store-app" */;
			buildPhases = (
				D6664682299A5DD0004B1A76 /* Sources */,
				D6664683299A5DD0004B1A76 /* Frameworks */,
				D6664684299A5DD0004B1A76 /* Resources */,
			);
			buildRules = (
			);
			dependencies = (
			);
			name = "store-app";
			productName = "store-app";
			productReference = D6664686299A5DD0004B1A76 /* store-app.app */;
			productType = "com.apple.product-type.application";
		};
		D666469B299A5DD2004B1A76 /* store-appTests */ = {
			isa = PBXNativeTarget;
			buildConfigurationList = D66646B3299A5DD2004B1A76 /* Build configuration list for PBXNativeTarget "store-appTests" */;
			buildPhases = (
				D6664698299A5DD2004B1A76 /* Sources */,
				D6664699299A5DD2004B1A76 /* Frameworks */,
				D666469A299A5DD2004B1A76 /* Resources */,
			);
			buildRules = (
			);
			dependencies = (
				D666469E299A5DD2004B1A76 /* PBXTargetDependency */,
			);
			name = "store-appTests";
			productName = "store-appTests";
			productReference = D666469C299A5DD2004B1A76 /* store-appTests.xctest */;
			productType = "com.apple.product-type.bundle.unit-test";
		};
		D66646A5299A5DD2004B1A76 /* store-appUITests */ = {
			isa = PBXNativeTarget;
			buildConfigurationList = D66646B6299A5DD2004B1A76 /* Build configuration list for PBXNativeTarget "store-appUITests" */;
			buildPhases = (
				D66646A2299A5DD2004B1A76 /* Sources */,
				D66646A3299A5DD2004B1A76 /* Frameworks */,
				D66646A4299A5DD2004B1A76 /* Resources */,
			);
			buildRules = (
			);
			dependencies = (
				D66646A8299A5DD2004B1A76 /* PBXTargetDependency */,
			);
			name = "store-appUITests";
			productName = "store-appUITests";
			productReference = D66646A6299A5DD2004B1A76 /* store-appUITests.xctest */;
			productType = "com.apple.product-type.bundle.ui-testing";
		};
/* End PBXNativeTarget section */

/* Begin PBXProject section */
		D666467E299A5DD0004B1A76 /* Project object */ = {
			isa = PBXProject;
			attributes = {
				BuildIndependentTargetsInParallel = 1;
				LastSwiftUpdateCheck = 1420;
				LastUpgradeCheck = 1420;
				TargetAttributes = {
					D6664685299A5DD0004B1A76 = {
						CreatedOnToolsVersion = 14.2;
					};
					D666469B299A5DD2004B1A76 = {
						CreatedOnToolsVersion = 14.2;
						TestTargetID = D6664685299A5DD0004B1A76;
					};
					D66646A5299A5DD2004B1A76 = {
						CreatedOnToolsVersion = 14.2;
						TestTargetID = D6664685299A5DD0004B1A76;
					};
				};
			};
			buildConfigurationList = D6664681299A5DD0004B1A76 /* Build configuration list for PBXProject "store-app" */;
			compatibilityVersion = "Xcode 14.0";
			developmentRegion = en;
			hasScannedForEncodings = 0;
			knownRegions = (
				en,
				Base,
			);
			mainGroup = D666467D299A5DD0004B1A76;
			productRefGroup = D6664687299A5DD0004B1A76 /* Products */;
			projectDirPath = "";
			projectRoot = "";
			targets = (
				D6664685299A5DD0004B1A76 /* store-app */,
				D666469B299A5DD2004B1A76 /* store-appTests */,
				D66646A5299A5DD2004B1A76 /* store-appUITests */,
			);
		};
/* End PBXProject section */

/* Begin PBXResourcesBuildPhase section */
		D6664684299A5DD0004B1A76 /* Resources */ = {
			isa = PBXResourcesBuildPhase;
			buildActionMask = 2147483647;
			files = (
				D6664696299A5DD1004B1A76 /* LaunchScreen.storyboard in Resources */,
				D6664693299A5DD1004B1A76 /* Assets.xcassets in Resources */,
			);
			runOnlyForDeploymentPostprocessing = 0;
		};
		D666469A299A5DD2004B1A76 /* Resources */ = {
			isa = PBXResourcesBuildPhase;
			buildActionMask = 2147483647;
			files = (
			);
			runOnlyForDeploymentPostprocessing = 0;
		};
		D66646A4299A5DD2004B1A76 /* Resources */ = {
			isa = PBXResourcesBuildPhase;
			buildActionMask = 2147483647;
			files = (
			);
			runOnlyForDeploymentPostprocessing = 0;
		};
/* End PBXResourcesBuildPhase section */

/* Begin PBXSourcesBuildPhase section */
		D6664682299A5DD0004B1A76 /* Sources */ = {
			isa = PBXSourcesBuildPhase;
			buildActionMask = 2147483647;
			files = (
				D6664725299D1184004B1A76 /* ProductListingTableViewController.swift in Sources */,
				D67D30E529A73C2E00D6E318 /* TabbarController.swift in Sources */,
				D6B9DE14299EBA2300F2F4E9 /* StoreCodeDataModel.xcdatamodeld in Sources */,
				D6D2027329B0C5B30047CA82 /* MyPopoverViewController.swift in Sources */,
				D666472F299D3487004B1A76 /* ProductListingTableItem.swift in Sources */,
				D68303D329AC7AD500FF1B0B /* NetworkDelegate.swift in Sources */,
				D666472B299D17E4004B1A76 /* LoaderView.swift in Sources */,
				D6B9DEA5299F556900F2F4E9 /* Constants.swift in Sources */,
				D649636229A21999005DEAAF /* StoreDataItem+CoreDataClass.swift in Sources */,
				D666470C299BA19D004B1A76 /* StoreData.swift in Sources */,
				D666468A299A5DD0004B1A76 /* AppDelegate.swift in Sources */,
				D65ACBA029B357AB002B907C /* MenuViewController.swift in Sources */,
				D66646FD299B5DB7004B1A76 /* ItemModel.swift in Sources */,
				D6B9DEA3299F515500F2F4E9 /* CoreDataHelper.swift in Sources */,
				D6B9DE06299E495900F2F4E9 /* HeaderViewController.swift in Sources */,
				D6664715299BB2CE004B1A76 /* StoreViewModel.swift in Sources */,
				D666470E299BA473004B1A76 /* NetowrkClient.swift in Sources */,
				D6D2027529B0D70D0047CA82 /* ItemDetailsViewController.swift in Sources */,
				D6B9DEA8299F797600F2F4E9 /* StoreRepository.swift in Sources */,
				D649636429A21999005DEAAF /* StoreDataItem+CoreDataProperties.swift in Sources */,
				D6664734299DF622004B1A76 /* ProductListingCollectionItem.swift in Sources */,
				D6B9DE09299E96EA00F2F4E9 /* Strings.swift in Sources */,
				D6664712299BB125004B1A76 /* DataWrapper.swift in Sources */,
				D6664723299D116D004B1A76 /* ProductListingCollectionViewController.swift in Sources */,
				D6664719299CF2EC004B1A76 /* TabImage.swift in Sources */,
				D67D30E129A73BF800D6E318 /* PageViewController.swift in Sources */,
				D6664702299B88E4004B1A76 /* Urls.swift in Sources */,
				D6664736299E058E004B1A76 /* AppUtils.swift in Sources */,
				D666468C299A5DD0004B1A76 /* SceneDelegate.swift in Sources */,
				D6664706299B8973004B1A76 /* ApiService.swift in Sources */,
				D613AF47299FEB6600BDBF9E /* EmptyViewController.swift in Sources */,
				D66646FF299B5EAB004B1A76 /* StoreModel.swift in Sources */,
				D666472D299D1CE2004B1A76 /* ErrorViewController.swift in Sources */,
				D649635E29A20D31005DEAAF /* CoreDataStack.swift in Sources */,
			);
			runOnlyForDeploymentPostprocessing = 0;
		};
		D6664698299A5DD2004B1A76 /* Sources */ = {
			isa = PBXSourcesBuildPhase;
			buildActionMask = 2147483647;
			files = (
				D649634E29A0BD22005DEAAF /* ItemModel.swift in Sources */,
				D65ACBC329B4D981002B907C /* ProductListingTableViewController.swift in Sources */,
				D649634C29A0BAA1005DEAAF /* CoreDataHelper.swift in Sources */,
				D649635529A14890005DEAAF /* StoreCodeDataModel.xcdatamodeld in Sources */,
				D649636929A266A3005DEAAF /* CoreDataStack.swift in Sources */,
				D649634D29A0BD02005DEAAF /* StoreData.swift in Sources */,
				D649636829A26437005DEAAF /* CoreDataTestStack.swift in Sources */,
				D649634A29A0B8E8005DEAAF /* store_coreDataTests.swift in Sources */,
				D649636529A21999005DEAAF /* StoreDataItem+CoreDataProperties.swift in Sources */,
				D649636329A21999005DEAAF /* StoreDataItem+CoreDataClass.swift in Sources */,
				D649635029A0BDD1005DEAAF /* AppDelegate.swift in Sources */,
				D66646A1299A5DD2004B1A76 /* store_appTests.swift in Sources */,
				D649634F29A0BDBE005DEAAF /* Constants.swift in Sources */,
			);
			runOnlyForDeploymentPostprocessing = 0;
		};
		D66646A2299A5DD2004B1A76 /* Sources */ = {
			isa = PBXSourcesBuildPhase;
			buildActionMask = 2147483647;
			files = (
				D66646AD299A5DD2004B1A76 /* store_appUITestsLaunchTests.swift in Sources */,
				D66646AB299A5DD2004B1A76 /* store_appUITests.swift in Sources */,
			);
			runOnlyForDeploymentPostprocessing = 0;
		};
/* End PBXSourcesBuildPhase section */

/* Begin PBXTargetDependency section */
		D666469E299A5DD2004B1A76 /* PBXTargetDependency */ = {
			isa = PBXTargetDependency;
			target = D6664685299A5DD0004B1A76 /* store-app */;
			targetProxy = D666469D299A5DD2004B1A76 /* PBXContainerItemProxy */;
		};
		D66646A8299A5DD2004B1A76 /* PBXTargetDependency */ = {
			isa = PBXTargetDependency;
			target = D6664685299A5DD0004B1A76 /* store-app */;
			targetProxy = D66646A7299A5DD2004B1A76 /* PBXContainerItemProxy */;
		};
/* End PBXTargetDependency section */

/* Begin PBXVariantGroup section */
		D6664694299A5DD1004B1A76 /* LaunchScreen.storyboard */ = {
			isa = PBXVariantGroup;
			children = (
				D6664695299A5DD1004B1A76 /* Base */,
			);
			name = LaunchScreen.storyboard;
			sourceTree = "<group>";
		};
/* End PBXVariantGroup section */

/* Begin XCBuildConfiguration section */
		D66646AE299A5DD2004B1A76 /* Debug */ = {
			isa = XCBuildConfiguration;
			buildSettings = {
				ALWAYS_SEARCH_USER_PATHS = NO;
				CLANG_ANALYZER_NONNULL = YES;
				CLANG_ANALYZER_NUMBER_OBJECT_CONVERSION = YES_AGGRESSIVE;
				CLANG_CXX_LANGUAGE_STANDARD = "gnu++20";
				CLANG_ENABLE_MODULES = YES;
				CLANG_ENABLE_OBJC_ARC = YES;
				CLANG_ENABLE_OBJC_WEAK = YES;
				CLANG_WARN_BLOCK_CAPTURE_AUTORELEASING = YES;
				CLANG_WARN_BOOL_CONVERSION = YES;
				CLANG_WARN_COMMA = YES;
				CLANG_WARN_CONSTANT_CONVERSION = YES;
				CLANG_WARN_DEPRECATED_OBJC_IMPLEMENTATIONS = YES;
				CLANG_WARN_DIRECT_OBJC_ISA_USAGE = YES_ERROR;
				CLANG_WARN_DOCUMENTATION_COMMENTS = YES;
				CLANG_WARN_EMPTY_BODY = YES;
				CLANG_WARN_ENUM_CONVERSION = YES;
				CLANG_WARN_INFINITE_RECURSION = YES;
				CLANG_WARN_INT_CONVERSION = YES;
				CLANG_WARN_NON_LITERAL_NULL_CONVERSION = YES;
				CLANG_WARN_OBJC_IMPLICIT_RETAIN_SELF = YES;
				CLANG_WARN_OBJC_LITERAL_CONVERSION = YES;
				CLANG_WARN_OBJC_ROOT_CLASS = YES_ERROR;
				CLANG_WARN_QUOTED_INCLUDE_IN_FRAMEWORK_HEADER = YES;
				CLANG_WARN_RANGE_LOOP_ANALYSIS = YES;
				CLANG_WARN_STRICT_PROTOTYPES = YES;
				CLANG_WARN_SUSPICIOUS_MOVE = YES;
				CLANG_WARN_UNGUARDED_AVAILABILITY = YES_AGGRESSIVE;
				CLANG_WARN_UNREACHABLE_CODE = YES;
				CLANG_WARN__DUPLICATE_METHOD_MATCH = YES;
				COPY_PHASE_STRIP = NO;
				DEBUG_INFORMATION_FORMAT = dwarf;
				ENABLE_STRICT_OBJC_MSGSEND = YES;
				ENABLE_TESTABILITY = YES;
				GCC_C_LANGUAGE_STANDARD = gnu11;
				GCC_DYNAMIC_NO_PIC = NO;
				GCC_NO_COMMON_BLOCKS = YES;
				GCC_OPTIMIZATION_LEVEL = 0;
				GCC_PREPROCESSOR_DEFINITIONS = (
					"DEBUG=1",
					"$(inherited)",
				);
				GCC_WARN_64_TO_32_BIT_CONVERSION = YES;
				GCC_WARN_ABOUT_RETURN_TYPE = YES_ERROR;
				GCC_WARN_UNDECLARED_SELECTOR = YES;
				GCC_WARN_UNINITIALIZED_AUTOS = YES_AGGRESSIVE;
				GCC_WARN_UNUSED_FUNCTION = YES;
				GCC_WARN_UNUSED_VARIABLE = YES;
				IPHONEOS_DEPLOYMENT_TARGET = 16.2;
				MTL_ENABLE_DEBUG_INFO = INCLUDE_SOURCE;
				MTL_FAST_MATH = YES;
				ONLY_ACTIVE_ARCH = YES;
				SDKROOT = iphoneos;
				SWIFT_ACTIVE_COMPILATION_CONDITIONS = DEBUG;
				SWIFT_OPTIMIZATION_LEVEL = "-Onone";
			};
			name = Debug;
		};
		D66646AF299A5DD2004B1A76 /* Release */ = {
			isa = XCBuildConfiguration;
			buildSettings = {
				ALWAYS_SEARCH_USER_PATHS = NO;
				CLANG_ANALYZER_NONNULL = YES;
				CLANG_ANALYZER_NUMBER_OBJECT_CONVERSION = YES_AGGRESSIVE;
				CLANG_CXX_LANGUAGE_STANDARD = "gnu++20";
				CLANG_ENABLE_MODULES = YES;
				CLANG_ENABLE_OBJC_ARC = YES;
				CLANG_ENABLE_OBJC_WEAK = YES;
				CLANG_WARN_BLOCK_CAPTURE_AUTORELEASING = YES;
				CLANG_WARN_BOOL_CONVERSION = YES;
				CLANG_WARN_COMMA = YES;
				CLANG_WARN_CONSTANT_CONVERSION = YES;
				CLANG_WARN_DEPRECATED_OBJC_IMPLEMENTATIONS = YES;
				CLANG_WARN_DIRECT_OBJC_ISA_USAGE = YES_ERROR;
				CLANG_WARN_DOCUMENTATION_COMMENTS = YES;
				CLANG_WARN_EMPTY_BODY = YES;
				CLANG_WARN_ENUM_CONVERSION = YES;
				CLANG_WARN_INFINITE_RECURSION = YES;
				CLANG_WARN_INT_CONVERSION = YES;
				CLANG_WARN_NON_LITERAL_NULL_CONVERSION = YES;
				CLANG_WARN_OBJC_IMPLICIT_RETAIN_SELF = YES;
				CLANG_WARN_OBJC_LITERAL_CONVERSION = YES;
				CLANG_WARN_OBJC_ROOT_CLASS = YES_ERROR;
				CLANG_WARN_QUOTED_INCLUDE_IN_FRAMEWORK_HEADER = YES;
				CLANG_WARN_RANGE_LOOP_ANALYSIS = YES;
				CLANG_WARN_STRICT_PROTOTYPES = YES;
				CLANG_WARN_SUSPICIOUS_MOVE = YES;
				CLANG_WARN_UNGUARDED_AVAILABILITY = YES_AGGRESSIVE;
				CLANG_WARN_UNREACHABLE_CODE = YES;
				CLANG_WARN__DUPLICATE_METHOD_MATCH = YES;
				COPY_PHASE_STRIP = NO;
				DEBUG_INFORMATION_FORMAT = "dwarf-with-dsym";
				ENABLE_NS_ASSERTIONS = NO;
				ENABLE_STRICT_OBJC_MSGSEND = YES;
				GCC_C_LANGUAGE_STANDARD = gnu11;
				GCC_NO_COMMON_BLOCKS = YES;
				GCC_WARN_64_TO_32_BIT_CONVERSION = YES;
				GCC_WARN_ABOUT_RETURN_TYPE = YES_ERROR;
				GCC_WARN_UNDECLARED_SELECTOR = YES;
				GCC_WARN_UNINITIALIZED_AUTOS = YES_AGGRESSIVE;
				GCC_WARN_UNUSED_FUNCTION = YES;
				GCC_WARN_UNUSED_VARIABLE = YES;
				IPHONEOS_DEPLOYMENT_TARGET = 16.2;
				MTL_ENABLE_DEBUG_INFO = NO;
				MTL_FAST_MATH = YES;
				SDKROOT = iphoneos;
				SWIFT_COMPILATION_MODE = wholemodule;
				SWIFT_OPTIMIZATION_LEVEL = "-O";
				VALIDATE_PRODUCT = YES;
			};
			name = Release;
		};
		D66646B1299A5DD2004B1A76 /* Debug */ = {
			isa = XCBuildConfiguration;
			buildSettings = {
				ASSETCATALOG_COMPILER_APPICON_NAME = AppIcon;
				ASSETCATALOG_COMPILER_GLOBAL_ACCENT_COLOR_NAME = AccentColor;
				CODE_SIGN_STYLE = Automatic;
				CURRENT_PROJECT_VERSION = 1;
				DEVELOPMENT_TEAM = YJFKQULBT3;
				GENERATE_INFOPLIST_FILE = YES;
				INFOPLIST_FILE = "store-app/Info.plist";
				INFOPLIST_KEY_UIApplicationSupportsIndirectInputEvents = YES;
				INFOPLIST_KEY_UILaunchStoryboardName = LaunchScreen;
				INFOPLIST_KEY_UIMainStoryboardFile = "";
				INFOPLIST_KEY_UISupportedInterfaceOrientations_iPad = "UIInterfaceOrientationPortrait UIInterfaceOrientationPortraitUpsideDown UIInterfaceOrientationLandscapeLeft UIInterfaceOrientationLandscapeRight";
				INFOPLIST_KEY_UISupportedInterfaceOrientations_iPhone = "UIInterfaceOrientationPortrait UIInterfaceOrientationLandscapeLeft UIInterfaceOrientationLandscapeRight";
				LD_RUNPATH_SEARCH_PATHS = (
					"$(inherited)",
					"@executable_path/Frameworks",
				);
				MARKETING_VERSION = 1.0;
				PRODUCT_BUNDLE_IDENTIFIER = "app.store.store-app";
				PRODUCT_NAME = "$(TARGET_NAME)";
				SWIFT_EMIT_LOC_STRINGS = YES;
				SWIFT_VERSION = 5.0;
				TARGETED_DEVICE_FAMILY = "1,2";
			};
			name = Debug;
		};
		D66646B2299A5DD2004B1A76 /* Release */ = {
			isa = XCBuildConfiguration;
			buildSettings = {
				ASSETCATALOG_COMPILER_APPICON_NAME = AppIcon;
				ASSETCATALOG_COMPILER_GLOBAL_ACCENT_COLOR_NAME = AccentColor;
				CODE_SIGN_STYLE = Automatic;
				CURRENT_PROJECT_VERSION = 1;
				DEVELOPMENT_TEAM = YJFKQULBT3;
				GENERATE_INFOPLIST_FILE = YES;
				INFOPLIST_FILE = "store-app/Info.plist";
				INFOPLIST_KEY_UIApplicationSupportsIndirectInputEvents = YES;
				INFOPLIST_KEY_UILaunchStoryboardName = LaunchScreen;
				INFOPLIST_KEY_UIMainStoryboardFile = "";
				INFOPLIST_KEY_UISupportedInterfaceOrientations_iPad = "UIInterfaceOrientationPortrait UIInterfaceOrientationPortraitUpsideDown UIInterfaceOrientationLandscapeLeft UIInterfaceOrientationLandscapeRight";
				INFOPLIST_KEY_UISupportedInterfaceOrientations_iPhone = "UIInterfaceOrientationPortrait UIInterfaceOrientationLandscapeLeft UIInterfaceOrientationLandscapeRight";
				LD_RUNPATH_SEARCH_PATHS = (
					"$(inherited)",
					"@executable_path/Frameworks",
				);
				MARKETING_VERSION = 1.0;
				PRODUCT_BUNDLE_IDENTIFIER = "app.store.store-app";
				PRODUCT_NAME = "$(TARGET_NAME)";
				SWIFT_EMIT_LOC_STRINGS = YES;
				SWIFT_VERSION = 5.0;
				TARGETED_DEVICE_FAMILY = "1,2";
			};
			name = Release;
		};
		D66646B4299A5DD2004B1A76 /* Debug */ = {
			isa = XCBuildConfiguration;
			buildSettings = {
				ALWAYS_EMBED_SWIFT_STANDARD_LIBRARIES = YES;
				BUNDLE_LOADER = "$(TEST_HOST)";
				CODE_SIGN_STYLE = Automatic;
				CURRENT_PROJECT_VERSION = 1;
				DEVELOPMENT_TEAM = YJFKQULBT3;
				GENERATE_INFOPLIST_FILE = YES;
				IPHONEOS_DEPLOYMENT_TARGET = 16.2;
				MARKETING_VERSION = 1.0;
				PRODUCT_BUNDLE_IDENTIFIER = "app.store.store-appTests";
				PRODUCT_NAME = "$(TARGET_NAME)";
				SWIFT_EMIT_LOC_STRINGS = NO;
				SWIFT_VERSION = 5.0;
				TARGETED_DEVICE_FAMILY = "1,2";
				TEST_HOST = "$(BUILT_PRODUCTS_DIR)/store-app.app/$(BUNDLE_EXECUTABLE_FOLDER_PATH)/store-app";
			};
			name = Debug;
		};
		D66646B5299A5DD2004B1A76 /* Release */ = {
			isa = XCBuildConfiguration;
			buildSettings = {
				ALWAYS_EMBED_SWIFT_STANDARD_LIBRARIES = YES;
				BUNDLE_LOADER = "$(TEST_HOST)";
				CODE_SIGN_STYLE = Automatic;
				CURRENT_PROJECT_VERSION = 1;
				DEVELOPMENT_TEAM = YJFKQULBT3;
				GENERATE_INFOPLIST_FILE = YES;
				IPHONEOS_DEPLOYMENT_TARGET = 16.2;
				MARKETING_VERSION = 1.0;
				PRODUCT_BUNDLE_IDENTIFIER = "app.store.store-appTests";
				PRODUCT_NAME = "$(TARGET_NAME)";
				SWIFT_EMIT_LOC_STRINGS = NO;
				SWIFT_VERSION = 5.0;
				TARGETED_DEVICE_FAMILY = "1,2";
				TEST_HOST = "$(BUILT_PRODUCTS_DIR)/store-app.app/$(BUNDLE_EXECUTABLE_FOLDER_PATH)/store-app";
			};
			name = Release;
		};
		D66646B7299A5DD2004B1A76 /* Debug */ = {
			isa = XCBuildConfiguration;
			buildSettings = {
				ALWAYS_EMBED_SWIFT_STANDARD_LIBRARIES = YES;
				CODE_SIGN_STYLE = Automatic;
				CURRENT_PROJECT_VERSION = 1;
				DEVELOPMENT_TEAM = YJFKQULBT3;
				GENERATE_INFOPLIST_FILE = YES;
				MARKETING_VERSION = 1.0;
				PRODUCT_BUNDLE_IDENTIFIER = "app.store.store-appUITests";
				PRODUCT_NAME = "$(TARGET_NAME)";
				SWIFT_EMIT_LOC_STRINGS = NO;
				SWIFT_VERSION = 5.0;
				TARGETED_DEVICE_FAMILY = "1,2";
				TEST_TARGET_NAME = "store-app";
			};
			name = Debug;
		};
		D66646B8299A5DD2004B1A76 /* Release */ = {
			isa = XCBuildConfiguration;
			buildSettings = {
				ALWAYS_EMBED_SWIFT_STANDARD_LIBRARIES = YES;
				CODE_SIGN_STYLE = Automatic;
				CURRENT_PROJECT_VERSION = 1;
				DEVELOPMENT_TEAM = YJFKQULBT3;
				GENERATE_INFOPLIST_FILE = YES;
				MARKETING_VERSION = 1.0;
				PRODUCT_BUNDLE_IDENTIFIER = "app.store.store-appUITests";
				PRODUCT_NAME = "$(TARGET_NAME)";
				SWIFT_EMIT_LOC_STRINGS = NO;
				SWIFT_VERSION = 5.0;
				TARGETED_DEVICE_FAMILY = "1,2";
				TEST_TARGET_NAME = "store-app";
			};
			name = Release;
		};
/* End XCBuildConfiguration section */

/* Begin XCConfigurationList section */
		D6664681299A5DD0004B1A76 /* Build configuration list for PBXProject "store-app" */ = {
			isa = XCConfigurationList;
			buildConfigurations = (
				D66646AE299A5DD2004B1A76 /* Debug */,
				D66646AF299A5DD2004B1A76 /* Release */,
			);
			defaultConfigurationIsVisible = 0;
			defaultConfigurationName = Release;
		};
		D66646B0299A5DD2004B1A76 /* Build configuration list for PBXNativeTarget "store-app" */ = {
			isa = XCConfigurationList;
			buildConfigurations = (
				D66646B1299A5DD2004B1A76 /* Debug */,
				D66646B2299A5DD2004B1A76 /* Release */,
			);
			defaultConfigurationIsVisible = 0;
			defaultConfigurationName = Release;
		};
		D66646B3299A5DD2004B1A76 /* Build configuration list for PBXNativeTarget "store-appTests" */ = {
			isa = XCConfigurationList;
			buildConfigurations = (
				D66646B4299A5DD2004B1A76 /* Debug */,
				D66646B5299A5DD2004B1A76 /* Release */,
			);
			defaultConfigurationIsVisible = 0;
			defaultConfigurationName = Release;
		};
		D66646B6299A5DD2004B1A76 /* Build configuration list for PBXNativeTarget "store-appUITests" */ = {
			isa = XCConfigurationList;
			buildConfigurations = (
				D66646B7299A5DD2004B1A76 /* Debug */,
				D66646B8299A5DD2004B1A76 /* Release */,
			);
			defaultConfigurationIsVisible = 0;
			defaultConfigurationName = Release;
		};
/* End XCConfigurationList section */

/* Begin XCVersionGroup section */
		D6B9DE12299EBA2300F2F4E9 /* StoreCodeDataModel.xcdatamodeld */ = {
			isa = XCVersionGroup;
			children = (
				D6B9DE13299EBA2300F2F4E9 /* StoreCodeDataModel.xcdatamodel */,
			);
			currentVersion = D6B9DE13299EBA2300F2F4E9 /* StoreCodeDataModel.xcdatamodel */;
			path = StoreCodeDataModel.xcdatamodeld;
			sourceTree = "<group>";
			versionGroupType = wrapper.xcdatamodel;
		};
/* End XCVersionGroup section */
	};
	rootObject = D666467E299A5DD0004B1A76 /* Project object */;
}
